
Microsoft Visual Studio Solution File, Format Version 12.00
# Visual Studio 2012
Project("{FAE04EC0-301F-11D3-BF4B-00C04F79EFBC}") = "EnvioCorreoEnBucle", "EnvioCorreoEnBucle\EnvioCorreoEnBucle.csproj", "{52E0A7F3-20A2-4B9E-B55A-3C6DE2CCDAE2}"
EndProject
Global
	GlobalSection(SolutionConfigurationPlatforms) = preSolution
		Debug|Any CPU = Debug|Any CPU
		Release|Any CPU = Release|Any CPU
	EndGlobalSection
	GlobalSection(ProjectConfigurationPlatforms) = postSolution
		{52E0A7F3-20A2-4B9E-B55A-3C6DE2CCDAE2}.Debug|Any CPU.ActiveCfg = Debug|Any CPU
		{52E0A7F3-20A2-4B9E-B55A-3C6DE2CCDAE2}.Debug|Any CPU.Build.0 = Debug|Any CPU
		{52E0A7F3-20A2-4B9E-B55A-3C6DE2CCDAE2}.Release|Any CPU.ActiveCfg = Release|Any CPU
		{52E0A7F3-20A2-4B9E-B55A-3C6DE2CCDAE2}.Release|Any CPU.Build.0 = Release|Any CPU
	EndGlobalSection
	GlobalSection(SolutionProperties) = preSolution
		HideSolutionNode = FALSE
	EndGlobalSection
EndGlobal
